
Microsoft Visual Studio Solution File, Format Version 12.00
# Visual Studio Version 17
VisualStudioVersion = 17.0.31919.166
MinimumVisualStudioVersion = 10.0.40219.1
Project("{FAE04EC0-301F-11D3-BF4B-00C04F79EFBC}") = "CityInfo.API", "CityInfo.API\CityInfo.API.csproj", "{2E9DBB4F-88CA-41AC-9F0B-BC21AA23ADEE}"
EndProject
Global
	GlobalSection(SolutionConfigurationPlatforms) = preSolution
		Debug|Any CPU = Debug|Any CPU
		Release|Any CPU = Release|Any CPU
	EndGlobalSection
	GlobalSection(ProjectConfigurationPlatforms) = postSolution
		{2E9DBB4F-88CA-41AC-9F0B-BC21AA23ADEE}.Debug|Any CPU.ActiveCfg = Debug|Any CPU
		{2E9DBB4F-88CA-41AC-9F0B-BC21AA23ADEE}.Debug|Any CPU.Build.0 = Debug|Any CPU
		{2E9DBB4F-88CA-41AC-9F0B-BC21AA23ADEE}.Release|Any CPU.ActiveCfg = Release|Any CPU
		{2E9DBB4F-88CA-41AC-9F0B-BC21AA23ADEE}.Release|Any CPU.Build.0 = Release|Any CPU
	EndGlobalSection
	GlobalSection(SolutionProperties) = preSolution
		HideSolutionNode = FALSE
	EndGlobalSection
	GlobalSection(ExtensibilityGlobals) = postSolution
		SolutionGuid = {8246798E-74EA-4D7A-9E06-5B8930FFBD43}
	EndGlobalSection
EndGlobal
